<?xml version="1.0" encoding="utf-8"?>
<Project ToolsVersion="4.0" xmlns="http://schemas.microsoft.com/developer/msbuild/2003">
  <ItemGroup>
    <Filter Include="Source Files">
      <UniqueIdentifier>{4FC737F1-C7A5-4376-A066-2A32D752A2FF}</UniqueIdentifier>
      <Extensions>cpp;c;cc;cxx;def;odl;idl;hpj;bat;asm;asmx</Extensions>
    </Filter>
    <Filter Include="Header Files">
      <UniqueIdentifier>{93995380-89BD-4b04-88EB-625FBE52EBFB}</UniqueIdentifier>
      <Extensions>h;hh;hpp;hxx;hm;inl;inc;xsd</Extensions>
    </Filter>
    <Filter Include="Resource Files">
      <UniqueIdentifier>{67DA6AB6-F800-4c08-8B7A-83BB121AAD01}</UniqueIdentifier>
      <Extensions>rc;ico;cur;bmp;dlg;rc2;rct;bin;rgs;gif;jpg;jpeg;jpe;resx;tiff;tif;png;wav;mfcribbon-ms</Extensions>
    </Filter>
  </ItemGroup>
  <ItemGroup>
    <ClCompile Include="primes.cpp">
      <Filter>Source Files</Filter>
    </ClCompile>
    <ClCompile Include="PE66.cpp">
      <Filter>Source Files</Filter>
    </ClCompile>
    <ClCompile Include="utils.cpp">
      <Filter>Source Files</Filter>
    </ClCompile>
    <ClCompile Include="main.cpp">
      <Filter>Source Files</Filter>
    </ClCompile>
    <ClCompile Include="PE516.cpp">
      <Filter>Source Files</Filter>
    </ClCompile>
    <ClCompile Include="PE518.cpp">
      <Filter>Source Files</Filter>
    </ClCompile>
    <ClCompile Include="PE577.cpp">
      <Filter>Source Files</Filter>
    </ClCompile>
    <ClCompile Include="PE68.cpp">
      <Filter>Source Files</Filter>
    </ClCompile>
    <ClCompile Include="PE75.cpp">
      <Filter>Source Files</Filter>
    </ClCompile>
    <ClCompile Include="PE77.cpp">
      <Filter>Source Files</Filter>
    </ClCompile>
    <ClCompile Include="PE587.cpp">
      <Filter>Source Files</Filter>
    </ClCompile>
    <ClCompile Include="PE83.cpp">
      <Filter>Source Files</Filter>
    </ClCompile>
    <ClCompile Include="PE91.cpp">
      <Filter>Source Files</Filter>
    </ClCompile>
    <ClCompile Include="PE104.cpp">
      <Filter>Source Files</Filter>
    </ClCompile>
    <ClCompile Include="PE96.cpp">
      <Filter>Source Files</Filter>
    </ClCompile>
    <ClCompile Include="PE120.cpp">
      <Filter>Source Files</Filter>
    </ClCompile>
    <ClCompile Include="PE124.cpp">
      <Filter>Source Files</Filter>
    </ClCompile>
    <ClCompile Include="PE125.cpp">
      <Filter>Source Files</Filter>
    </ClCompile>
    <ClCompile Include="PE179.cpp">
      <Filter>Source Files</Filter>
    </ClCompile>
    <ClCompile Include="PE187.cpp">
      <Filter>Source Files</Filter>
    </ClCompile>
    <ClCompile Include="PE203.cpp">
      <Filter>Source Files</Filter>
    </ClCompile>
    <ClCompile Include="testmetropolis.cpp">
      <Filter>Source Files</Filter>
    </ClCompile>
    <ClCompile Include="PE329.cpp">
      <Filter>Source Files</Filter>
    </ClCompile>
    <ClCompile Include="PE348.cpp">
      <Filter>Source Files</Filter>
    </ClCompile>
    <ClCompile Include="PE351.cpp">
      <Filter>Source Files</Filter>
    </ClCompile>
    <ClCompile Include="PE358.cpp">
      <Filter>Source Files</Filter>
    </ClCompile>
    <ClCompile Include="PE359.cpp">
      <Filter>Source Files</Filter>
    </ClCompile>
    <ClCompile Include="PE401.cpp">
      <Filter>Source Files</Filter>
    </ClCompile>
    <ClCompile Include="PE425.cpp">
      <Filter>Source Files</Filter>
    </ClCompile>
    <ClCompile Include="PE479.cpp">
      <Filter>Source Files</Filter>
    </ClCompile>
    <ClCompile Include="PE512.cpp">
      <Filter>Source Files</Filter>
    </ClCompile>
    <ClCompile Include="PE531.cpp">
      <Filter>Source Files</Filter>
    </ClCompile>
    <ClCompile Include="PE571.cpp">
      <Filter>Source Files</Filter>
    </ClCompile>
    <ClCompile Include="PE581.cpp">
      <Filter>Source Files</Filter>
    </ClCompile>
    <ClCompile Include="PE78.cpp">
      <Filter>Source Files</Filter>
    </ClCompile>
    <ClCompile Include="PE95.cpp">
      <Filter>Source Files</Filter>
    </ClCompile>
  </ItemGroup>
  <ItemGroup>
    <ClInclude Include="primes.h">
      <Filter>Header Files</Filter>
    </ClInclude>
    <ClInclude Include="utils.h">
      <Filter>Header Files</Filter>
    </ClInclude>
    <ClInclude Include="problems.h">
      <Filter>Header Files</Filter>
    </ClInclude>
    <ClInclude Include="mpir.h">
      <Filter>Header Files</Filter>
    </ClInclude>
    <ClInclude Include="mpirxx.h">
      <Filter>Header Files</Filter>
    </ClInclude>
  </ItemGroup>
</Project>